
Microsoft Visual Studio Solution File, Format Version 12.00
# Visual Studio 15
VisualStudioVersion = 15.0.28307.136
MinimumVisualStudioVersion = 10.0.40219.1
Project("{9A19103F-16F7-4668-BE54-9A1E7A4F7556}") = "CrewPocketSync", "CrewPocketSync\CrewPocketSync.csproj", "{D6330B32-1131-49FE-9B38-91AE3707FEA7}"
EndProject
Project("{FAE04EC0-301F-11D3-BF4B-00C04F79EFBC}") = "CrewPocketSync.Android", "CrewPocketSync.Android\CrewPocketSync.Android.csproj", "{FAD4A31C-2610-4DCD-BEE6-CB73F08F3610}"
EndProject
Project("{FAE04EC0-301F-11D3-BF4B-00C04F79EFBC}") = "CrewPocketSync.iOS", "CrewPocketSync.iOS\CrewPocketSync.iOS.csproj", "{D3844FA8-7295-408E-B002-F139D6819B14}"
EndProject
Project("{9A19103F-16F7-4668-BE54-9A1E7A4F7556}") = "MobilePocketCore", "MobilePocketCore\MobilePocketCore.csproj", "{44C44845-B47F-40A6-A851-1B99DED36F35}"
EndProject
Project("{FAE04EC0-301F-11D3-BF4B-00C04F79EFBC}") = "ClientApp", "ClientApp\ClientApp.csproj", "{4EAE5E45-A386-4C7D-AAF5-3E216EBF099E}"
EndProject
Project("{FAE04EC0-301F-11D3-BF4B-00C04F79EFBC}") = "CrewPocket.Android", "CrewPocket\CrewPocket.Android\CrewPocket.Android.csproj", "{5522C03D-E679-48E6-9393-06C041A004EF}"
EndProject
Project("{FAE04EC0-301F-11D3-BF4B-00C04F79EFBC}") = "CrewPocket.iOS", "CrewPocket\CrewPocket.iOS\CrewPocket.iOS.csproj", "{751B5CCE-9005-4FE2-BBAF-5F8A59645C1B}"
EndProject
Project("{FAE04EC0-301F-11D3-BF4B-00C04F79EFBC}") = "CrewPocket", "CrewPocket\CrewPocket\CrewPocket.csproj", "{42EC3956-AA31-4A0D-8C1B-AC01D0E00EFE}"
EndProject
Global
	GlobalSection(SolutionConfigurationPlatforms) = preSolution
		Ad-Hoc|Any CPU = Ad-Hoc|Any CPU
		Ad-Hoc|iPhone = Ad-Hoc|iPhone
		Ad-Hoc|iPhoneSimulator = Ad-Hoc|iPhoneSimulator
		AppStore|Any CPU = AppStore|Any CPU
		AppStore|iPhone = AppStore|iPhone
		AppStore|iPhoneSimulator = AppStore|iPhoneSimulator
		Debug|Any CPU = Debug|Any CPU
		Debug|iPhone = Debug|iPhone
		Debug|iPhoneSimulator = Debug|iPhoneSimulator
		Release|Any CPU = Release|Any CPU
		Release|iPhone = Release|iPhone
		Release|iPhoneSimulator = Release|iPhoneSimulator
	EndGlobalSection
	GlobalSection(ProjectConfigurationPlatforms) = postSolution
		{D6330B32-1131-49FE-9B38-91AE3707FEA7}.Ad-Hoc|Any CPU.ActiveCfg = Debug|Any CPU
		{D6330B32-1131-49FE-9B38-91AE3707FEA7}.Ad-Hoc|Any CPU.Build.0 = Debug|Any CPU
		{D6330B32-1131-49FE-9B38-91AE3707FEA7}.Ad-Hoc|iPhone.ActiveCfg = Debug|Any CPU
		{D6330B32-1131-49FE-9B38-91AE3707FEA7}.Ad-Hoc|iPhone.Build.0 = Debug|Any CPU
		{D6330B32-1131-49FE-9B38-91AE3707FEA7}.Ad-Hoc|iPhoneSimulator.ActiveCfg = Debug|Any CPU
		{D6330B32-1131-49FE-9B38-91AE3707FEA7}.Ad-Hoc|iPhoneSimulator.Build.0 = Debug|Any CPU
		{D6330B32-1131-49FE-9B38-91AE3707FEA7}.AppStore|Any CPU.ActiveCfg = Debug|Any CPU
		{D6330B32-1131-49FE-9B38-91AE3707FEA7}.AppStore|Any CPU.Build.0 = Debug|Any CPU
		{D6330B32-1131-49FE-9B38-91AE3707FEA7}.AppStore|iPhone.ActiveCfg = Debug|Any CPU
		{D6330B32-1131-49FE-9B38-91AE3707FEA7}.AppStore|iPhone.Build.0 = Debug|Any CPU
		{D6330B32-1131-49FE-9B38-91AE3707FEA7}.AppStore|iPhoneSimulator.ActiveCfg = Debug|Any CPU
		{D6330B32-1131-49FE-9B38-91AE3707FEA7}.AppStore|iPhoneSimulator.Build.0 = Debug|Any CPU
		{D6330B32-1131-49FE-9B38-91AE3707FEA7}.Debug|Any CPU.ActiveCfg = Debug|Any CPU
		{D6330B32-1131-49FE-9B38-91AE3707FEA7}.Debug|Any CPU.Build.0 = Debug|Any CPU
		{D6330B32-1131-49FE-9B38-91AE3707FEA7}.Debug|iPhone.ActiveCfg = Debug|Any CPU
		{D6330B32-1131-49FE-9B38-91AE3707FEA7}.Debug|iPhone.Build.0 = Debug|Any CPU
		{D6330B32-1131-49FE-9B38-91AE3707FEA7}.Debug|iPhoneSimulator.ActiveCfg = Debug|Any CPU
		{D6330B32-1131-49FE-9B38-91AE3707FEA7}.Debug|iPhoneSimulator.Build.0 = Debug|Any CPU
		{D6330B32-1131-49FE-9B38-91AE3707FEA7}.Release|Any CPU.ActiveCfg = Release|Any CPU
		{D6330B32-1131-49FE-9B38-91AE3707FEA7}.Release|Any CPU.Build.0 = Release|Any CPU
		{D6330B32-1131-49FE-9B38-91AE3707FEA7}.Release|iPhone.ActiveCfg = Release|Any CPU
		{D6330B32-1131-49FE-9B38-91AE3707FEA7}.Release|iPhone.Build.0 = Release|Any CPU
		{D6330B32-1131-49FE-9B38-91AE3707FEA7}.Release|iPhoneSimulator.ActiveCfg = Release|Any CPU
		{D6330B32-1131-49FE-9B38-91AE3707FEA7}.Release|iPhoneSimulator.Build.0 = Release|Any CPU
		{FAD4A31C-2610-4DCD-BEE6-CB73F08F3610}.Ad-Hoc|Any CPU.ActiveCfg = Release|Any CPU
		{FAD4A31C-2610-4DCD-BEE6-CB73F08F3610}.Ad-Hoc|Any CPU.Build.0 = Release|Any CPU
		{FAD4A31C-2610-4DCD-BEE6-CB73F08F3610}.Ad-Hoc|Any CPU.Deploy.0 = Release|Any CPU
		{FAD4A31C-2610-4DCD-BEE6-CB73F08F3610}.Ad-Hoc|iPhone.ActiveCfg = Release|Any CPU
		{FAD4A31C-2610-4DCD-BEE6-CB73F08F3610}.Ad-Hoc|iPhone.Build.0 = Release|Any CPU
		{FAD4A31C-2610-4DCD-BEE6-CB73F08F3610}.Ad-Hoc|iPhone.Deploy.0 = Release|Any CPU
		{FAD4A31C-2610-4DCD-BEE6-CB73F08F3610}.Ad-Hoc|iPhoneSimulator.ActiveCfg = Release|Any CPU
		{FAD4A31C-2610-4DCD-BEE6-CB73F08F3610}.Ad-Hoc|iPhoneSimulator.Build.0 = Release|Any CPU
		{FAD4A31C-2610-4DCD-BEE6-CB73F08F3610}.Ad-Hoc|iPhoneSimulator.Deploy.0 = Release|Any CPU
		{FAD4A31C-2610-4DCD-BEE6-CB73F08F3610}.AppStore|Any CPU.ActiveCfg = Release|Any CPU
		{FAD4A31C-2610-4DCD-BEE6-CB73F08F3610}.AppStore|Any CPU.Build.0 = Release|Any CPU
		{FAD4A31C-2610-4DCD-BEE6-CB73F08F3610}.AppStore|Any CPU.Deploy.0 = Release|Any CPU
		{FAD4A31C-2610-4DCD-BEE6-CB73F08F3610}.AppStore|iPhone.ActiveCfg = Release|Any CPU
		{FAD4A31C-2610-4DCD-BEE6-CB73F08F3610}.AppStore|iPhone.Build.0 = Release|Any CPU
		{FAD4A31C-2610-4DCD-BEE6-CB73F08F3610}.AppStore|iPhone.Deploy.0 = Release|Any CPU
		{FAD4A31C-2610-4DCD-BEE6-CB73F08F3610}.AppStore|iPhoneSimulator.ActiveCfg = Release|Any CPU
		{FAD4A31C-2610-4DCD-BEE6-CB73F08F3610}.AppStore|iPhoneSimulator.Build.0 = Release|Any CPU
		{FAD4A31C-2610-4DCD-BEE6-CB73F08F3610}.AppStore|iPhoneSimulator.Deploy.0 = Release|Any CPU
		{FAD4A31C-2610-4DCD-BEE6-CB73F08F3610}.Debug|Any CPU.ActiveCfg = Debug|Any CPU
		{FAD4A31C-2610-4DCD-BEE6-CB73F08F3610}.Debug|Any CPU.Build.0 = Debug|Any CPU
		{FAD4A31C-2610-4DCD-BEE6-CB73F08F3610}.Debug|Any CPU.Deploy.0 = Debug|Any CPU
		{FAD4A31C-2610-4DCD-BEE6-CB73F08F3610}.Debug|iPhone.ActiveCfg = Debug|Any CPU
		{FAD4A31C-2610-4DCD-BEE6-CB73F08F3610}.Debug|iPhone.Build.0 = Debug|Any CPU
		{FAD4A31C-2610-4DCD-BEE6-CB73F08F3610}.Debug|iPhone.Deploy.0 = Debug|Any CPU
		{FAD4A31C-2610-4DCD-BEE6-CB73F08F3610}.Debug|iPhoneSimulator.ActiveCfg = Debug|Any CPU
		{FAD4A31C-2610-4DCD-BEE6-CB73F08F3610}.Debug|iPhoneSimulator.Build.0 = Debug|Any CPU
		{FAD4A31C-2610-4DCD-BEE6-CB73F08F3610}.Debug|iPhoneSimulator.Deploy.0 = Debug|Any CPU
		{FAD4A31C-2610-4DCD-BEE6-CB73F08F3610}.Release|Any CPU.ActiveCfg = Release|Any CPU
		{FAD4A31C-2610-4DCD-BEE6-CB73F08F3610}.Release|Any CPU.Build.0 = Release|Any CPU
		{FAD4A31C-2610-4DCD-BEE6-CB73F08F3610}.Release|Any CPU.Deploy.0 = Release|Any CPU
		{FAD4A31C-2610-4DCD-BEE6-CB73F08F3610}.Release|iPhone.ActiveCfg = Release|Any CPU
		{FAD4A31C-2610-4DCD-BEE6-CB73F08F3610}.Release|iPhone.Build.0 = Release|Any CPU
		{FAD4A31C-2610-4DCD-BEE6-CB73F08F3610}.Release|iPhone.Deploy.0 = Release|Any CPU
		{FAD4A31C-2610-4DCD-BEE6-CB73F08F3610}.Release|iPhoneSimulator.ActiveCfg = Release|Any CPU
		{FAD4A31C-2610-4DCD-BEE6-CB73F08F3610}.Release|iPhoneSimulator.Build.0 = Release|Any CPU
		{FAD4A31C-2610-4DCD-BEE6-CB73F08F3610}.Release|iPhoneSimulator.Deploy.0 = Release|Any CPU
		{D3844FA8-7295-408E-B002-F139D6819B14}.Ad-Hoc|Any CPU.ActiveCfg = Ad-Hoc|iPhone
		{D3844FA8-7295-408E-B002-F139D6819B14}.Ad-Hoc|iPhone.ActiveCfg = Ad-Hoc|iPhone
		{D3844FA8-7295-408E-B002-F139D6819B14}.Ad-Hoc|iPhone.Build.0 = Ad-Hoc|iPhone
		{D3844FA8-7295-408E-B002-F139D6819B14}.Ad-Hoc|iPhoneSimulator.ActiveCfg = Ad-Hoc|iPhoneSimulator
		{D3844FA8-7295-408E-B002-F139D6819B14}.Ad-Hoc|iPhoneSimulator.Build.0 = Ad-Hoc|iPhoneSimulator
		{D3844FA8-7295-408E-B002-F139D6819B14}.AppStore|Any CPU.ActiveCfg = AppStore|iPhone
		{D3844FA8-7295-408E-B002-F139D6819B14}.AppStore|iPhone.ActiveCfg = AppStore|iPhone
		{D3844FA8-7295-408E-B002-F139D6819B14}.AppStore|iPhone.Build.0 = AppStore|iPhone
		{D3844FA8-7295-408E-B002-F139D6819B14}.AppStore|iPhoneSimulator.ActiveCfg = AppStore|iPhoneSimulator
		{D3844FA8-7295-408E-B002-F139D6819B14}.AppStore|iPhoneSimulator.Build.0 = AppStore|iPhoneSimulator
		{D3844FA8-7295-408E-B002-F139D6819B14}.Debug|Any CPU.ActiveCfg = Debug|iPhone
		{D3844FA8-7295-408E-B002-F139D6819B14}.Debug|iPhone.ActiveCfg = Debug|iPhone
		{D3844FA8-7295-408E-B002-F139D6819B14}.Debug|iPhone.Build.0 = Debug|iPhone
		{D3844FA8-7295-408E-B002-F139D6819B14}.Debug|iPhoneSimulator.ActiveCfg = Debug|iPhoneSimulator
		{D3844FA8-7295-408E-B002-F139D6819B14}.Debug|iPhoneSimulator.Build.0 = Debug|iPhoneSimulator
		{D3844FA8-7295-408E-B002-F139D6819B14}.Release|Any CPU.ActiveCfg = Release|iPhone
		{D3844FA8-7295-408E-B002-F139D6819B14}.Release|iPhone.ActiveCfg = Release|iPhone
		{D3844FA8-7295-408E-B002-F139D6819B14}.Release|iPhone.Build.0 = Release|iPhone
		{D3844FA8-7295-408E-B002-F139D6819B14}.Release|iPhoneSimulator.ActiveCfg = Release|iPhoneSimulator
		{D3844FA8-7295-408E-B002-F139D6819B14}.Release|iPhoneSimulator.Build.0 = Release|iPhoneSimulator
		{44C44845-B47F-40A6-A851-1B99DED36F35}.Ad-Hoc|Any CPU.ActiveCfg = Debug|Any CPU
		{44C44845-B47F-40A6-A851-1B99DED36F35}.Ad-Hoc|Any CPU.Build.0 = Debug|Any CPU
		{44C44845-B47F-40A6-A851-1B99DED36F35}.Ad-Hoc|iPhone.ActiveCfg = Debug|Any CPU
		{44C44845-B47F-40A6-A851-1B99DED36F35}.Ad-Hoc|iPhone.Build.0 = Debug|Any CPU
		{44C44845-B47F-40A6-A851-1B99DED36F35}.Ad-Hoc|iPhoneSimulator.ActiveCfg = Debug|Any CPU
		{44C44845-B47F-40A6-A851-1B99DED36F35}.Ad-Hoc|iPhoneSimulator.Build.0 = Debug|Any CPU
		{44C44845-B47F-40A6-A851-1B99DED36F35}.AppStore|Any CPU.ActiveCfg = Debug|Any CPU
		{44C44845-B47F-40A6-A851-1B99DED36F35}.AppStore|Any CPU.Build.0 = Debug|Any CPU
		{44C44845-B47F-40A6-A851-1B99DED36F35}.AppStore|iPhone.ActiveCfg = Debug|Any CPU
		{44C44845-B47F-40A6-A851-1B99DED36F35}.AppStore|iPhone.Build.0 = Debug|Any CPU
		{44C44845-B47F-40A6-A851-1B99DED36F35}.AppStore|iPhoneSimulator.ActiveCfg = Debug|Any CPU
		{44C44845-B47F-40A6-A851-1B99DED36F35}.AppStore|iPhoneSimulator.Build.0 = Debug|Any CPU
		{44C44845-B47F-40A6-A851-1B99DED36F35}.Debug|Any CPU.ActiveCfg = Debug|Any CPU
		{44C44845-B47F-40A6-A851-1B99DED36F35}.Debug|Any CPU.Build.0 = Debug|Any CPU
		{44C44845-B47F-40A6-A851-1B99DED36F35}.Debug|iPhone.ActiveCfg = Debug|Any CPU
		{44C44845-B47F-40A6-A851-1B99DED36F35}.Debug|iPhone.Build.0 = Debug|Any CPU
		{44C44845-B47F-40A6-A851-1B99DED36F35}.Debug|iPhoneSimulator.ActiveCfg = Debug|Any CPU
		{44C44845-B47F-40A6-A851-1B99DED36F35}.Debug|iPhoneSimulator.Build.0 = Debug|Any CPU
		{44C44845-B47F-40A6-A851-1B99DED36F35}.Release|Any CPU.ActiveCfg = Release|Any CPU
		{44C44845-B47F-40A6-A851-1B99DED36F35}.Release|Any CPU.Build.0 = Release|Any CPU
		{44C44845-B47F-40A6-A851-1B99DED36F35}.Release|iPhone.ActiveCfg = Release|Any CPU
		{44C44845-B47F-40A6-A851-1B99DED36F35}.Release|iPhone.Build.0 = Release|Any CPU
		{44C44845-B47F-40A6-A851-1B99DED36F35}.Release|iPhoneSimulator.ActiveCfg = Release|Any CPU
		{44C44845-B47F-40A6-A851-1B99DED36F35}.Release|iPhoneSimulator.Build.0 = Release|Any CPU
		{4EAE5E45-A386-4C7D-AAF5-3E216EBF099E}.Ad-Hoc|Any CPU.ActiveCfg = Release|Any CPU
		{4EAE5E45-A386-4C7D-AAF5-3E216EBF099E}.Ad-Hoc|Any CPU.Build.0 = Release|Any CPU
		{4EAE5E45-A386-4C7D-AAF5-3E216EBF099E}.Ad-Hoc|iPhone.ActiveCfg = Release|Any CPU
		{4EAE5E45-A386-4C7D-AAF5-3E216EBF099E}.Ad-Hoc|iPhone.Build.0 = Release|Any CPU
		{4EAE5E45-A386-4C7D-AAF5-3E216EBF099E}.Ad-Hoc|iPhoneSimulator.ActiveCfg = Release|Any CPU
		{4EAE5E45-A386-4C7D-AAF5-3E216EBF099E}.Ad-Hoc|iPhoneSimulator.Build.0 = Release|Any CPU
		{4EAE5E45-A386-4C7D-AAF5-3E216EBF099E}.AppStore|Any CPU.ActiveCfg = Release|Any CPU
		{4EAE5E45-A386-4C7D-AAF5-3E216EBF099E}.AppStore|Any CPU.Build.0 = Release|Any CPU
		{4EAE5E45-A386-4C7D-AAF5-3E216EBF099E}.AppStore|iPhone.ActiveCfg = Release|Any CPU
		{4EAE5E45-A386-4C7D-AAF5-3E216EBF099E}.AppStore|iPhone.Build.0 = Release|Any CPU
		{4EAE5E45-A386-4C7D-AAF5-3E216EBF099E}.AppStore|iPhoneSimulator.ActiveCfg = Release|Any CPU
		{4EAE5E45-A386-4C7D-AAF5-3E216EBF099E}.AppStore|iPhoneSimulator.Build.0 = Release|Any CPU
		{4EAE5E45-A386-4C7D-AAF5-3E216EBF099E}.Debug|Any CPU.ActiveCfg = Debug|Any CPU
		{4EAE5E45-A386-4C7D-AAF5-3E216EBF099E}.Debug|Any CPU.Build.0 = Debug|Any CPU
		{4EAE5E45-A386-4C7D-AAF5-3E216EBF099E}.Debug|iPhone.ActiveCfg = Debug|Any CPU
		{4EAE5E45-A386-4C7D-AAF5-3E216EBF099E}.Debug|iPhone.Build.0 = Debug|Any CPU
		{4EAE5E45-A386-4C7D-AAF5-3E216EBF099E}.Debug|iPhoneSimulator.ActiveCfg = Debug|Any CPU
		{4EAE5E45-A386-4C7D-AAF5-3E216EBF099E}.Debug|iPhoneSimulator.Build.0 = Debug|Any CPU
		{4EAE5E45-A386-4C7D-AAF5-3E216EBF099E}.Release|Any CPU.ActiveCfg = Release|Any CPU
		{4EAE5E45-A386-4C7D-AAF5-3E216EBF099E}.Release|Any CPU.Build.0 = Release|Any CPU
		{4EAE5E45-A386-4C7D-AAF5-3E216EBF099E}.Release|iPhone.ActiveCfg = Release|Any CPU
		{4EAE5E45-A386-4C7D-AAF5-3E216EBF099E}.Release|iPhone.Build.0 = Release|Any CPU
		{4EAE5E45-A386-4C7D-AAF5-3E216EBF099E}.Release|iPhoneSimulator.ActiveCfg = Release|Any CPU
		{4EAE5E45-A386-4C7D-AAF5-3E216EBF099E}.Release|iPhoneSimulator.Build.0 = Release|Any CPU
		{5522C03D-E679-48E6-9393-06C041A004EF}.Ad-Hoc|Any CPU.ActiveCfg = Release|Any CPU
		{5522C03D-E679-48E6-9393-06C041A004EF}.Ad-Hoc|Any CPU.Build.0 = Release|Any CPU
		{5522C03D-E679-48E6-9393-06C041A004EF}.Ad-Hoc|Any CPU.Deploy.0 = Release|Any CPU
		{5522C03D-E679-48E6-9393-06C041A004EF}.Ad-Hoc|iPhone.ActiveCfg = Release|Any CPU
		{5522C03D-E679-48E6-9393-06C041A004EF}.Ad-Hoc|iPhone.Build.0 = Release|Any CPU
		{5522C03D-E679-48E6-9393-06C041A004EF}.Ad-Hoc|iPhone.Deploy.0 = Release|Any CPU
		{5522C03D-E679-48E6-9393-06C041A004EF}.Ad-Hoc|iPhoneSimulator.ActiveCfg = Release|Any CPU
		{5522C03D-E679-48E6-9393-06C041A004EF}.Ad-Hoc|iPhoneSimulator.Build.0 = Release|Any CPU
		{5522C03D-E679-48E6-9393-06C041A004EF}.Ad-Hoc|iPhoneSimulator.Deploy.0 = Release|Any CPU
		{5522C03D-E679-48E6-9393-06C041A004EF}.AppStore|Any CPU.ActiveCfg = Release|Any CPU
		{5522C03D-E679-48E6-9393-06C041A004EF}.AppStore|Any CPU.Build.0 = Release|Any CPU
		{5522C03D-E679-48E6-9393-06C041A004EF}.AppStore|Any CPU.Deploy.0 = Release|Any CPU
		{5522C03D-E679-48E6-9393-06C041A004EF}.AppStore|iPhone.ActiveCfg = Release|Any CPU
		{5522C03D-E679-48E6-9393-06C041A004EF}.AppStore|iPhone.Build.0 = Release|Any CPU
		{5522C03D-E679-48E6-9393-06C041A004EF}.AppStore|iPhone.Deploy.0 = Release|Any CPU
		{5522C03D-E679-48E6-9393-06C041A004EF}.AppStore|iPhoneSimulator.ActiveCfg = Release|Any CPU
		{5522C03D-E679-48E6-9393-06C041A004EF}.AppStore|iPhoneSimulator.Build.0 = Release|Any CPU
		{5522C03D-E679-48E6-9393-06C041A004EF}.AppStore|iPhoneSimulator.Deploy.0 = Release|Any CPU
		{5522C03D-E679-48E6-9393-06C041A004EF}.Debug|Any CPU.ActiveCfg = Debug|Any CPU
		{5522C03D-E679-48E6-9393-06C041A004EF}.Debug|Any CPU.Build.0 = Debug|Any CPU
		{5522C03D-E679-48E6-9393-06C041A004EF}.Debug|Any CPU.Deploy.0 = Debug|Any CPU
		{5522C03D-E679-48E6-9393-06C041A004EF}.Debug|iPhone.ActiveCfg = Debug|Any CPU
		{5522C03D-E679-48E6-9393-06C041A004EF}.Debug|iPhone.Build.0 = Debug|Any CPU
		{5522C03D-E679-48E6-9393-06C041A004EF}.Debug|iPhone.Deploy.0 = Debug|Any CPU
		{5522C03D-E679-48E6-9393-06C041A004EF}.Debug|iPhoneSimulator.ActiveCfg = Debug|Any CPU
		{5522C03D-E679-48E6-9393-06C041A004EF}.Debug|iPhoneSimulator.Build.0 = Debug|Any CPU
		{5522C03D-E679-48E6-9393-06C041A004EF}.Debug|iPhoneSimulator.Deploy.0 = Debug|Any CPU
		{5522C03D-E679-48E6-9393-06C041A004EF}.Release|Any CPU.ActiveCfg = Release|Any CPU
		{5522C03D-E679-48E6-9393-06C041A004EF}.Release|Any CPU.Build.0 = Release|Any CPU
		{5522C03D-E679-48E6-9393-06C041A004EF}.Release|Any CPU.Deploy.0 = Release|Any CPU
		{5522C03D-E679-48E6-9393-06C041A004EF}.Release|iPhone.ActiveCfg = Release|Any CPU
		{5522C03D-E679-48E6-9393-06C041A004EF}.Release|iPhone.Build.0 = Release|Any CPU
		{5522C03D-E679-48E6-9393-06C041A004EF}.Release|iPhone.Deploy.0 = Release|Any CPU
		{5522C03D-E679-48E6-9393-06C041A004EF}.Release|iPhoneSimulator.ActiveCfg = Release|Any CPU
		{5522C03D-E679-48E6-9393-06C041A004EF}.Release|iPhoneSimulator.Build.0 = Release|Any CPU
		{5522C03D-E679-48E6-9393-06C041A004EF}.Release|iPhoneSimulator.Deploy.0 = Release|Any CPU
		{751B5CCE-9005-4FE2-BBAF-5F8A59645C1B}.Ad-Hoc|Any CPU.ActiveCfg = Ad-Hoc|iPhone
		{751B5CCE-9005-4FE2-BBAF-5F8A59645C1B}.Ad-Hoc|iPhone.ActiveCfg = Ad-Hoc|iPhone
		{751B5CCE-9005-4FE2-BBAF-5F8A59645C1B}.Ad-Hoc|iPhone.Build.0 = Ad-Hoc|iPhone
		{751B5CCE-9005-4FE2-BBAF-5F8A59645C1B}.Ad-Hoc|iPhoneSimulator.ActiveCfg = Ad-Hoc|iPhoneSimulator
		{751B5CCE-9005-4FE2-BBAF-5F8A59645C1B}.Ad-Hoc|iPhoneSimulator.Build.0 = Ad-Hoc|iPhoneSimulator
		{751B5CCE-9005-4FE2-BBAF-5F8A59645C1B}.AppStore|Any CPU.ActiveCfg = AppStore|iPhone
		{751B5CCE-9005-4FE2-BBAF-5F8A59645C1B}.AppStore|iPhone.ActiveCfg = AppStore|iPhone
		{751B5CCE-9005-4FE2-BBAF-5F8A59645C1B}.AppStore|iPhone.Build.0 = AppStore|iPhone
		{751B5CCE-9005-4FE2-BBAF-5F8A59645C1B}.AppStore|iPhoneSimulator.ActiveCfg = AppStore|iPhoneSimulator
		{751B5CCE-9005-4FE2-BBAF-5F8A59645C1B}.AppStore|iPhoneSimulator.Build.0 = AppStore|iPhoneSimulator
		{751B5CCE-9005-4FE2-BBAF-5F8A59645C1B}.Debug|Any CPU.ActiveCfg = Debug|iPhone
		{751B5CCE-9005-4FE2-BBAF-5F8A59645C1B}.Debug|iPhone.ActiveCfg = Debug|iPhone
		{751B5CCE-9005-4FE2-BBAF-5F8A59645C1B}.Debug|iPhone.Build.0 = Debug|iPhone
		{751B5CCE-9005-4FE2-BBAF-5F8A59645C1B}.Debug|iPhoneSimulator.ActiveCfg = Debug|iPhoneSimulator
		{751B5CCE-9005-4FE2-BBAF-5F8A59645C1B}.Debug|iPhoneSimulator.Build.0 = Debug|iPhoneSimulator
		{751B5CCE-9005-4FE2-BBAF-5F8A59645C1B}.Release|Any CPU.ActiveCfg = Release|iPhone
		{751B5CCE-9005-4FE2-BBAF-5F8A59645C1B}.Release|iPhone.ActiveCfg = Release|iPhone
		{751B5CCE-9005-4FE2-BBAF-5F8A59645C1B}.Release|iPhone.Build.0 = Release|iPhone
		{751B5CCE-9005-4FE2-BBAF-5F8A59645C1B}.Release|iPhoneSimulator.ActiveCfg = Release|iPhoneSimulator
		{751B5CCE-9005-4FE2-BBAF-5F8A59645C1B}.Release|iPhoneSimulator.Build.0 = Release|iPhoneSimulator
		{42EC3956-AA31-4A0D-8C1B-AC01D0E00EFE}.Ad-Hoc|Any CPU.ActiveCfg = Debug|Any CPU
		{42EC3956-AA31-4A0D-8C1B-AC01D0E00EFE}.Ad-Hoc|Any CPU.Build.0 = Debug|Any CPU
		{42EC3956-AA31-4A0D-8C1B-AC01D0E00EFE}.Ad-Hoc|iPhone.ActiveCfg = Debug|Any CPU
		{42EC3956-AA31-4A0D-8C1B-AC01D0E00EFE}.Ad-Hoc|iPhone.Build.0 = Debug|Any CPU
		{42EC3956-AA31-4A0D-8C1B-AC01D0E00EFE}.Ad-Hoc|iPhoneSimulator.ActiveCfg = Debug|Any CPU
		{42EC3956-AA31-4A0D-8C1B-AC01D0E00EFE}.Ad-Hoc|iPhoneSimulator.Build.0 = Debug|Any CPU
		{42EC3956-AA31-4A0D-8C1B-AC01D0E00EFE}.AppStore|Any CPU.ActiveCfg = Debug|Any CPU
		{42EC3956-AA31-4A0D-8C1B-AC01D0E00EFE}.AppStore|Any CPU.Build.0 = Debug|Any CPU
		{42EC3956-AA31-4A0D-8C1B-AC01D0E00EFE}.AppStore|iPhone.ActiveCfg = Debug|Any CPU
		{42EC3956-AA31-4A0D-8C1B-AC01D0E00EFE}.AppStore|iPhone.Build.0 = Debug|Any CPU
		{42EC3956-AA31-4A0D-8C1B-AC01D0E00EFE}.AppStore|iPhoneSimulator.ActiveCfg = Debug|Any CPU
		{42EC3956-AA31-4A0D-8C1B-AC01D0E00EFE}.AppStore|iPhoneSimulator.Build.0 = Debug|Any CPU
		{42EC3956-AA31-4A0D-8C1B-AC01D0E00EFE}.Debug|Any CPU.ActiveCfg = Debug|Any CPU
		{42EC3956-AA31-4A0D-8C1B-AC01D0E00EFE}.Debug|Any CPU.Build.0 = Debug|Any CPU
		{42EC3956-AA31-4A0D-8C1B-AC01D0E00EFE}.Debug|iPhone.ActiveCfg = Debug|Any CPU
		{42EC3956-AA31-4A0D-8C1B-AC01D0E00EFE}.Debug|iPhone.Build.0 = Debug|Any CPU
		{42EC3956-AA31-4A0D-8C1B-AC01D0E00EFE}.Debug|iPhoneSimulator.ActiveCfg = Debug|Any CPU
		{42EC3956-AA31-4A0D-8C1B-AC01D0E00EFE}.Debug|iPhoneSimulator.Build.0 = Debug|Any CPU
		{42EC3956-AA31-4A0D-8C1B-AC01D0E00EFE}.Release|Any CPU.ActiveCfg = Release|Any CPU
		{42EC3956-AA31-4A0D-8C1B-AC01D0E00EFE}.Release|Any CPU.Build.0 = Release|Any CPU
		{42EC3956-AA31-4A0D-8C1B-AC01D0E00EFE}.Release|iPhone.ActiveCfg = Release|Any CPU
		{42EC3956-AA31-4A0D-8C1B-AC01D0E00EFE}.Release|iPhone.Build.0 = Release|Any CPU
		{42EC3956-AA31-4A0D-8C1B-AC01D0E00EFE}.Release|iPhoneSimulator.ActiveCfg = Release|Any CPU
		{42EC3956-AA31-4A0D-8C1B-AC01D0E00EFE}.Release|iPhoneSimulator.Build.0 = Release|Any CPU
	EndGlobalSection
	GlobalSection(SolutionProperties) = preSolution
		HideSolutionNode = FALSE
	EndGlobalSection
	GlobalSection(ExtensibilityGlobals) = postSolution
		SolutionGuid = {ED63232E-7CDB-4978-9B3D-1156B18A7D1B}
	EndGlobalSection
EndGlobal
